
Microsoft Visual Studio Solution File, Format Version 11.00
# Visual Studio 2010
Project("{FAE04EC0-301F-11D3-BF4B-00C04F79EFBC}") = "Assustados", "Assustados\Assustados\Assustados.csproj", "{0E42E33F-6F36-43B3-BD1F-B51415FE3D0B}"
EndProject
Project("{96E2B04D-8817-42C6-938A-82C39BA4D311}") = "AssustadosContent", "Assustados\AssustadosContent\AssustadosContent.contentproj", "{9D0099C4-E810-4D34-87C7-14363AF1B167}"
EndProject
Global
	GlobalSection(SolutionConfigurationPlatforms) = preSolution
		Debug|x86 = Debug|x86
		Release|x86 = Release|x86
	EndGlobalSection
	GlobalSection(ProjectConfigurationPlatforms) = postSolution
		{0E42E33F-6F36-43B3-BD1F-B51415FE3D0B}.Debug|x86.ActiveCfg = Debug|x86
		{0E42E33F-6F36-43B3-BD1F-B51415FE3D0B}.Debug|x86.Build.0 = Debug|x86
		{0E42E33F-6F36-43B3-BD1F-B51415FE3D0B}.Release|x86.ActiveCfg = Release|x86
		{0E42E33F-6F36-43B3-BD1F-B51415FE3D0B}.Release|x86.Build.0 = Release|x86
		{9D0099C4-E810-4D34-87C7-14363AF1B167}.Debug|x86.ActiveCfg = Debug|x86
		{9D0099C4-E810-4D34-87C7-14363AF1B167}.Release|x86.ActiveCfg = Release|x86
	EndGlobalSection
	GlobalSection(SolutionProperties) = preSolution
		HideSolutionNode = FALSE
	EndGlobalSection
EndGlobal
